// !$*UTF8*$!
{
	archiveVersion = 1;
	classes = {
	};
	objectVersion = 48;
	objects = {

/* Begin PBXBuildFile section */
		239BA1A32D47578FFDB7804A /* Pods_Music_Appreciation_Mobile_App_iOsTests.framework in Frameworks */ = {isa = PBXBuildFile; fileRef = 631847DA1750E1E9CFBAE715 /* Pods_Music_Appreciation_Mobile_App_iOsTests.framework */; };
		30C8A756A5C83FBE27792B63 /* Pods_Music_Appreciation_Mobile_App_iOsUITests.framework in Frameworks */ = {isa = PBXBuildFile; fileRef = D5ACB700AFCFD260A34A7F38 /* Pods_Music_Appreciation_Mobile_App_iOsUITests.framework */; };
		A40FA785230ED43E00D19537 /* AverageColor.swift in Sources */ = {isa = PBXBuildFile; fileRef = A40FA784230ED43E00D19537 /* AverageColor.swift */; };
		A40FA789230EDACD00D19537 /* ImageAsColor.swift in Sources */ = {isa = PBXBuildFile; fileRef = A40FA788230EDACD00D19537 /* ImageAsColor.swift */; };
		A40FA78C230EE52800D19537 /* LoadingOverlay.swift in Sources */ = {isa = PBXBuildFile; fileRef = A40FA78B230EE52800D19537 /* LoadingOverlay.swift */; };
		A40FA78E230EE6FC00D19537 /* AddItemAlert.swift in Sources */ = {isa = PBXBuildFile; fileRef = A40FA78D230EE6FC00D19537 /* AddItemAlert.swift */; };
		A40FA79223102EFC00D19537 /* FadeInOutAudio.swift in Sources */ = {isa = PBXBuildFile; fileRef = A40FA79123102EFC00D19537 /* FadeInOutAudio.swift */; };
		A40FA794231043B800D19537 /* AddBorder.swift in Sources */ = {isa = PBXBuildFile; fileRef = A40FA793231043B800D19537 /* AddBorder.swift */; };
		A40FA7962310482400D19537 /* PicksScreenAlbumMain.swift in Sources */ = {isa = PBXBuildFile; fileRef = A40FA7952310482400D19537 /* PicksScreenAlbumMain.swift */; };
		A4309CA722383C35002B6A13 /* ProfileScreenMain.swift in Sources */ = {isa = PBXBuildFile; fileRef = A4309CA622383C35002B6A13 /* ProfileScreenMain.swift */; };
		A4387AC123282179008F501B /* JASON+Alamofire.swift in Sources */ = {isa = PBXBuildFile; fileRef = A4387AC023282179008F501B /* JASON+Alamofire.swift */; };
		A44BFBCA232FA99F007272AB /* MacApiRequest.swift in Sources */ = {isa = PBXBuildFile; fileRef = A44BFBC9232FA99F007272AB /* MacApiRequest.swift */; };
		A46EAB54223A910100F1B702 /* PicksScreenSongMain.swift in Sources */ = {isa = PBXBuildFile; fileRef = A46EAB53223A910100F1B702 /* PicksScreenSongMain.swift */; };
		A46EAB56223A911D00F1B702 /* SearchScreenMain.swift in Sources */ = {isa = PBXBuildFile; fileRef = A46EAB55223A911D00F1B702 /* SearchScreenMain.swift */; };
		A495E304222E003F00D8607D /* StartScreenMain.swift in Sources */ = {isa = PBXBuildFile; fileRef = A495E303222E003F00D8607D /* StartScreenMain.swift */; };
		A495E30B22300AAA00D8607D /* NewsScreenMain.swift in Sources */ = {isa = PBXBuildFile; fileRef = A495E30A22300AAA00D8607D /* NewsScreenMain.swift */; };
		A4B2CDE8222B62EA00DB64AC /* AppDelegate.swift in Sources */ = {isa = PBXBuildFile; fileRef = A4B2CDE7222B62EA00DB64AC /* AppDelegate.swift */; };
		A4B2CDED222B62EA00DB64AC /* Main.storyboard in Resources */ = {isa = PBXBuildFile; fileRef = A4B2CDEB222B62EA00DB64AC /* Main.storyboard */; };
		A4B2CDEF222B62EB00DB64AC /* Assets.xcassets in Resources */ = {isa = PBXBuildFile; fileRef = A4B2CDEE222B62EB00DB64AC /* Assets.xcassets */; };
		A4B2CDF2222B62EB00DB64AC /* LaunchScreen.storyboard in Resources */ = {isa = PBXBuildFile; fileRef = A4B2CDF0222B62EB00DB64AC /* LaunchScreen.storyboard */; };
		A4B2CDFD222B62EB00DB64AC /* Music_Appreciation_Mobile_App_iOsTests.swift in Sources */ = {isa = PBXBuildFile; fileRef = A4B2CDFC222B62EB00DB64AC /* Music_Appreciation_Mobile_App_iOsTests.swift */; };
		A4B2CE08222B62EB00DB64AC /* Music_Appreciation_Mobile_App_iOsUITests.swift in Sources */ = {isa = PBXBuildFile; fileRef = A4B2CE07222B62EB00DB64AC /* Music_Appreciation_Mobile_App_iOsUITests.swift */; };
		A4B59E1A2334F3E8002C3EFA /* ParsePickData.swift in Sources */ = {isa = PBXBuildFile; fileRef = A4B59E192334F3E8002C3EFA /* ParsePickData.swift */; };
		A4C884052350B98100BBACD8 /* SettingsScreenMain.swift in Sources */ = {isa = PBXBuildFile; fileRef = A4C884042350B98100BBACD8 /* SettingsScreenMain.swift */; };
		A4C884072350B9AB00BBACD8 /* MembersScreenMain.swift in Sources */ = {isa = PBXBuildFile; fileRef = A4C884062350B9AB00BBACD8 /* MembersScreenMain.swift */; };
		A4C884092354E8FC00BBACD8 /* DeleteItemAlert.swift in Sources */ = {isa = PBXBuildFile; fileRef = A4C884082354E8FC00BBACD8 /* DeleteItemAlert.swift */; };
		A4C8840B2357562E00BBACD8 /* ImagePickerManager.swift in Sources */ = {isa = PBXBuildFile; fileRef = A4C8840A2357562E00BBACD8 /* ImagePickerManager.swift */; };
		A4D2AA2322EE5AFE009007B3 /* TextFieldCredentials.swift in Sources */ = {isa = PBXBuildFile; fileRef = A4D2AA2222EE5AFE009007B3 /* TextFieldCredentials.swift */; };
		A4D2AA2722EE5B6E009007B3 /* SearchTextBox.swift in Sources */ = {isa = PBXBuildFile; fileRef = A4D2AA2622EE5B6E009007B3 /* SearchTextBox.swift */; };
		A4D2AA3422F46B19009007B3 /* SongView.swift in Sources */ = {isa = PBXBuildFile; fileRef = A4D2AA3322F46B19009007B3 /* SongView.swift */; };
		A4D2AA3622F473A5009007B3 /* AlbumView.swift in Sources */ = {isa = PBXBuildFile; fileRef = A4D2AA3522F473A5009007B3 /* AlbumView.swift */; };
		D5BBCC2305934F89D2423EE3 /* Pods_Music_Appreciation_Mobile_App_iOs.framework in Frameworks */ = {isa = PBXBuildFile; fileRef = 32963F65C5442CD0F8AE526D /* Pods_Music_Appreciation_Mobile_App_iOs.framework */; };
/* End PBXBuildFile section */

/* Begin PBXContainerItemProxy section */
		A4B2CDF9222B62EB00DB64AC /* PBXContainerItemProxy */ = {
			isa = PBXContainerItemProxy;
			containerPortal = A4B2CDDC222B62EA00DB64AC /* Project object */;
			proxyType = 1;
			remoteGlobalIDString = A4B2CDE3222B62EA00DB64AC;
			remoteInfo = "Music-Appreciation-Mobile-App-iOs";
		};
		A4B2CE04222B62EB00DB64AC /* PBXContainerItemProxy */ = {
			isa = PBXContainerItemProxy;
			containerPortal = A4B2CDDC222B62EA00DB64AC /* Project object */;
			proxyType = 1;
			remoteGlobalIDString = A4B2CDE3222B62EA00DB64AC;
			remoteInfo = "Music-Appreciation-Mobile-App-iOs";
		};
/* End PBXContainerItemProxy section */

/* Begin PBXFileReference section */
		0D0F2C5CE18E74C0078D7ADE /* Pods-Music-Appreciation-Mobile-App-iOsTests.debug.xcconfig */ = {isa = PBXFileReference; includeInIndex = 1; lastKnownFileType = text.xcconfig; name = "Pods-Music-Appreciation-Mobile-App-iOsTests.debug.xcconfig"; path = "Target Support Files/Pods-Music-Appreciation-Mobile-App-iOsTests/Pods-Music-Appreciation-Mobile-App-iOsTests.debug.xcconfig"; sourceTree = "<group>"; };
		141A34D17782B370B7712DB5 /* Pods-Music-Appreciation-Mobile-App-iOsTests.release.xcconfig */ = {isa = PBXFileReference; includeInIndex = 1; lastKnownFileType = text.xcconfig; name = "Pods-Music-Appreciation-Mobile-App-iOsTests.release.xcconfig"; path = "Target Support Files/Pods-Music-Appreciation-Mobile-App-iOsTests/Pods-Music-Appreciation-Mobile-App-iOsTests.release.xcconfig"; sourceTree = "<group>"; };
		32963F65C5442CD0F8AE526D /* Pods_Music_Appreciation_Mobile_App_iOs.framework */ = {isa = PBXFileReference; explicitFileType = wrapper.framework; includeInIndex = 0; path = Pods_Music_Appreciation_Mobile_App_iOs.framework; sourceTree = BUILT_PRODUCTS_DIR; };
		3C2D5C299D3E59817F3E7558 /* Pods-Music-Appreciation-Mobile-App-iOs.debug.xcconfig */ = {isa = PBXFileReference; includeInIndex = 1; lastKnownFileType = text.xcconfig; name = "Pods-Music-Appreciation-Mobile-App-iOs.debug.xcconfig"; path = "Target Support Files/Pods-Music-Appreciation-Mobile-App-iOs/Pods-Music-Appreciation-Mobile-App-iOs.debug.xcconfig"; sourceTree = "<group>"; };
		4B32EE9DBA8564BCE109F616 /* Pods-Music-Appreciation-Mobile-App-iOs.release.xcconfig */ = {isa = PBXFileReference; includeInIndex = 1; lastKnownFileType = text.xcconfig; name = "Pods-Music-Appreciation-Mobile-App-iOs.release.xcconfig"; path = "Target Support Files/Pods-Music-Appreciation-Mobile-App-iOs/Pods-Music-Appreciation-Mobile-App-iOs.release.xcconfig"; sourceTree = "<group>"; };
		631847DA1750E1E9CFBAE715 /* Pods_Music_Appreciation_Mobile_App_iOsTests.framework */ = {isa = PBXFileReference; explicitFileType = wrapper.framework; includeInIndex = 0; path = Pods_Music_Appreciation_Mobile_App_iOsTests.framework; sourceTree = BUILT_PRODUCTS_DIR; };
		7DCAE7112DA4A12DDFC121FE /* Pods-Music-Appreciation-Mobile-App-iOsUITests.release.xcconfig */ = {isa = PBXFileReference; includeInIndex = 1; lastKnownFileType = text.xcconfig; name = "Pods-Music-Appreciation-Mobile-App-iOsUITests.release.xcconfig"; path = "Target Support Files/Pods-Music-Appreciation-Mobile-App-iOsUITests/Pods-Music-Appreciation-Mobile-App-iOsUITests.release.xcconfig"; sourceTree = "<group>"; };
		9F27C4B94D8E54ACDE93744D /* Pods-Music-Appreciation-Mobile-App-iOsUITests.debug.xcconfig */ = {isa = PBXFileReference; includeInIndex = 1; lastKnownFileType = text.xcconfig; name = "Pods-Music-Appreciation-Mobile-App-iOsUITests.debug.xcconfig"; path = "Target Support Files/Pods-Music-Appreciation-Mobile-App-iOsUITests/Pods-Music-Appreciation-Mobile-App-iOsUITests.debug.xcconfig"; sourceTree = "<group>"; };
		A40FA784230ED43E00D19537 /* AverageColor.swift */ = {isa = PBXFileReference; lastKnownFileType = sourcecode.swift; path = AverageColor.swift; sourceTree = "<group>"; };
		A40FA788230EDACD00D19537 /* ImageAsColor.swift */ = {isa = PBXFileReference; lastKnownFileType = sourcecode.swift; path = ImageAsColor.swift; sourceTree = "<group>"; };
		A40FA78B230EE52800D19537 /* LoadingOverlay.swift */ = {isa = PBXFileReference; lastKnownFileType = sourcecode.swift; path = LoadingOverlay.swift; sourceTree = "<group>"; };
		A40FA78D230EE6FC00D19537 /* AddItemAlert.swift */ = {isa = PBXFileReference; lastKnownFileType = sourcecode.swift; path = AddItemAlert.swift; sourceTree = "<group>"; };
		A40FA79123102EFC00D19537 /* FadeInOutAudio.swift */ = {isa = PBXFileReference; lastKnownFileType = sourcecode.swift; path = FadeInOutAudio.swift; sourceTree = "<group>"; };
		A40FA793231043B800D19537 /* AddBorder.swift */ = {isa = PBXFileReference; lastKnownFileType = sourcecode.swift; path = AddBorder.swift; sourceTree = "<group>"; };
		A40FA7952310482400D19537 /* PicksScreenAlbumMain.swift */ = {isa = PBXFileReference; lastKnownFileType = sourcecode.swift; path = PicksScreenAlbumMain.swift; sourceTree = "<group>"; };
		A4309CA622383C35002B6A13 /* ProfileScreenMain.swift */ = {isa = PBXFileReference; lastKnownFileType = sourcecode.swift; path = ProfileScreenMain.swift; sourceTree = "<group>"; };
		A4387AC023282179008F501B /* JASON+Alamofire.swift */ = {isa = PBXFileReference; lastKnownFileType = sourcecode.swift; path = "JASON+Alamofire.swift"; sourceTree = "<group>"; };
		A44BFBC9232FA99F007272AB /* MacApiRequest.swift */ = {isa = PBXFileReference; lastKnownFileType = sourcecode.swift; path = MacApiRequest.swift; sourceTree = "<group>"; };
		A46EAB53223A910100F1B702 /* PicksScreenSongMain.swift */ = {isa = PBXFileReference; lastKnownFileType = sourcecode.swift; path = PicksScreenSongMain.swift; sourceTree = "<group>"; };
		A46EAB55223A911D00F1B702 /* SearchScreenMain.swift */ = {isa = PBXFileReference; lastKnownFileType = sourcecode.swift; path = SearchScreenMain.swift; sourceTree = "<group>"; };
		A495E2E9222B891E00D8607D /* libsqlite3.tbd */ = {isa = PBXFileReference; lastKnownFileType = "sourcecode.text-based-dylib-definition"; name = libsqlite3.tbd; path = usr/lib/libsqlite3.tbd; sourceTree = SDKROOT; };
		A495E303222E003F00D8607D /* StartScreenMain.swift */ = {isa = PBXFileReference; lastKnownFileType = sourcecode.swift; path = StartScreenMain.swift; sourceTree = "<group>"; };
		A495E30A22300AAA00D8607D /* NewsScreenMain.swift */ = {isa = PBXFileReference; lastKnownFileType = sourcecode.swift; path = NewsScreenMain.swift; sourceTree = "<group>"; };
		A4B2CDE4222B62EA00DB64AC /* MAC.app */ = {isa = PBXFileReference; explicitFileType = wrapper.application; includeInIndex = 0; path = MAC.app; sourceTree = BUILT_PRODUCTS_DIR; };
		A4B2CDE7222B62EA00DB64AC /* AppDelegate.swift */ = {isa = PBXFileReference; lastKnownFileType = sourcecode.swift; path = AppDelegate.swift; sourceTree = "<group>"; };
		A4B2CDEC222B62EA00DB64AC /* Base */ = {isa = PBXFileReference; lastKnownFileType = file.storyboard; name = Base; path = Base.lproj/Main.storyboard; sourceTree = "<group>"; };
		A4B2CDEE222B62EB00DB64AC /* Assets.xcassets */ = {isa = PBXFileReference; lastKnownFileType = folder.assetcatalog; path = Assets.xcassets; sourceTree = "<group>"; };
		A4B2CDF1222B62EB00DB64AC /* Base */ = {isa = PBXFileReference; lastKnownFileType = file.storyboard; name = Base; path = Base.lproj/LaunchScreen.storyboard; sourceTree = "<group>"; };
		A4B2CDF3222B62EB00DB64AC /* Info.plist */ = {isa = PBXFileReference; lastKnownFileType = text.plist.xml; path = Info.plist; sourceTree = "<group>"; };
		A4B2CDF8222B62EB00DB64AC /* Music-Appreciation-Mobile-App-iOsTests.xctest */ = {isa = PBXFileReference; explicitFileType = wrapper.cfbundle; includeInIndex = 0; path = "Music-Appreciation-Mobile-App-iOsTests.xctest"; sourceTree = BUILT_PRODUCTS_DIR; };
		A4B2CDFC222B62EB00DB64AC /* Music_Appreciation_Mobile_App_iOsTests.swift */ = {isa = PBXFileReference; lastKnownFileType = sourcecode.swift; path = Music_Appreciation_Mobile_App_iOsTests.swift; sourceTree = "<group>"; };
		A4B2CDFE222B62EB00DB64AC /* Info.plist */ = {isa = PBXFileReference; lastKnownFileType = text.plist.xml; path = Info.plist; sourceTree = "<group>"; };
		A4B2CE03222B62EB00DB64AC /* Music-Appreciation-Mobile-App-iOsUITests.xctest */ = {isa = PBXFileReference; explicitFileType = wrapper.cfbundle; includeInIndex = 0; path = "Music-Appreciation-Mobile-App-iOsUITests.xctest"; sourceTree = BUILT_PRODUCTS_DIR; };
		A4B2CE07222B62EB00DB64AC /* Music_Appreciation_Mobile_App_iOsUITests.swift */ = {isa = PBXFileReference; lastKnownFileType = sourcecode.swift; path = Music_Appreciation_Mobile_App_iOsUITests.swift; sourceTree = "<group>"; };
		A4B2CE09222B62EB00DB64AC /* Info.plist */ = {isa = PBXFileReference; lastKnownFileType = text.plist.xml; path = Info.plist; sourceTree = "<group>"; };
		A4B59E192334F3E8002C3EFA /* ParsePickData.swift */ = {isa = PBXFileReference; lastKnownFileType = sourcecode.swift; path = ParsePickData.swift; sourceTree = "<group>"; };
		A4C884042350B98100BBACD8 /* SettingsScreenMain.swift */ = {isa = PBXFileReference; lastKnownFileType = sourcecode.swift; path = SettingsScreenMain.swift; sourceTree = "<group>"; };
		A4C884062350B9AB00BBACD8 /* MembersScreenMain.swift */ = {isa = PBXFileReference; lastKnownFileType = sourcecode.swift; path = MembersScreenMain.swift; sourceTree = "<group>"; };
		A4C884082354E8FC00BBACD8 /* DeleteItemAlert.swift */ = {isa = PBXFileReference; lastKnownFileType = sourcecode.swift; path = DeleteItemAlert.swift; sourceTree = "<group>"; };
		A4C8840A2357562E00BBACD8 /* ImagePickerManager.swift */ = {isa = PBXFileReference; lastKnownFileType = sourcecode.swift; path = ImagePickerManager.swift; sourceTree = "<group>"; };
		A4D2AA2222EE5AFE009007B3 /* TextFieldCredentials.swift */ = {isa = PBXFileReference; lastKnownFileType = sourcecode.swift; path = TextFieldCredentials.swift; sourceTree = "<group>"; };
		A4D2AA2622EE5B6E009007B3 /* SearchTextBox.swift */ = {isa = PBXFileReference; lastKnownFileType = sourcecode.swift; path = SearchTextBox.swift; sourceTree = "<group>"; };
		A4D2AA3322F46B19009007B3 /* SongView.swift */ = {isa = PBXFileReference; lastKnownFileType = sourcecode.swift; path = SongView.swift; sourceTree = "<group>"; };
		A4D2AA3522F473A5009007B3 /* AlbumView.swift */ = {isa = PBXFileReference; lastKnownFileType = sourcecode.swift; path = AlbumView.swift; sourceTree = "<group>"; };
		D5ACB700AFCFD260A34A7F38 /* Pods_Music_Appreciation_Mobile_App_iOsUITests.framework */ = {isa = PBXFileReference; explicitFileType = wrapper.framework; includeInIndex = 0; path = Pods_Music_Appreciation_Mobile_App_iOsUITests.framework; sourceTree = BUILT_PRODUCTS_DIR; };
/* End PBXFileReference section */

/* Begin PBXFrameworksBuildPhase section */
		A4B2CDE1222B62EA00DB64AC /* Frameworks */ = {
			isa = PBXFrameworksBuildPhase;
			buildActionMask = 2147483647;
			files = (
				D5BBCC2305934F89D2423EE3 /* Pods_Music_Appreciation_Mobile_App_iOs.framework in Frameworks */,
			);
			runOnlyForDeploymentPostprocessing = 0;
		};
		A4B2CDF5222B62EB00DB64AC /* Frameworks */ = {
			isa = PBXFrameworksBuildPhase;
			buildActionMask = 2147483647;
			files = (
				239BA1A32D47578FFDB7804A /* Pods_Music_Appreciation_Mobile_App_iOsTests.framework in Frameworks */,
			);
			runOnlyForDeploymentPostprocessing = 0;
		};
		A4B2CE00222B62EB00DB64AC /* Frameworks */ = {
			isa = PBXFrameworksBuildPhase;
			buildActionMask = 2147483647;
			files = (
				30C8A756A5C83FBE27792B63 /* Pods_Music_Appreciation_Mobile_App_iOsUITests.framework in Frameworks */,
			);
			runOnlyForDeploymentPostprocessing = 0;
		};
/* End PBXFrameworksBuildPhase section */

/* Begin PBXGroup section */
		A40FA78A230EE32C00D19537 /* Utilities */ = {
			isa = PBXGroup;
			children = (
				A40FA78D230EE6FC00D19537 /* AddItemAlert.swift */,
				A4C884082354E8FC00BBACD8 /* DeleteItemAlert.swift */,
				A40FA784230ED43E00D19537 /* AverageColor.swift */,
				A40FA79123102EFC00D19537 /* FadeInOutAudio.swift */,
				A40FA788230EDACD00D19537 /* ImageAsColor.swift */,
				A40FA78B230EE52800D19537 /* LoadingOverlay.swift */,
				A40FA793231043B800D19537 /* AddBorder.swift */,
				A4387AC023282179008F501B /* JASON+Alamofire.swift */,
				A44BFBC9232FA99F007272AB /* MacApiRequest.swift */,
				A4B59E192334F3E8002C3EFA /* ParsePickData.swift */,
				A4C8840A2357562E00BBACD8 /* ImagePickerManager.swift */,
			);
			path = Utilities;
			sourceTree = "<group>";
		};
		A495E2E8222B891E00D8607D /* Frameworks */ = {
			isa = PBXGroup;
			children = (
				A495E2E9222B891E00D8607D /* libsqlite3.tbd */,
				32963F65C5442CD0F8AE526D /* Pods_Music_Appreciation_Mobile_App_iOs.framework */,
				631847DA1750E1E9CFBAE715 /* Pods_Music_Appreciation_Mobile_App_iOsTests.framework */,
				D5ACB700AFCFD260A34A7F38 /* Pods_Music_Appreciation_Mobile_App_iOsUITests.framework */,
			);
			name = Frameworks;
			sourceTree = "<group>";
		};
		A495E2FC222CCC1D00D8607D /* UI_Components */ = {
			isa = PBXGroup;
			children = (
				A495E300222CD95B00D8607D /* Start-Screen */,
				A495E30D2230396500D8607D /* App-Screens */,
				A40FA78A230EE32C00D19537 /* Utilities */,
			);
			path = UI_Components;
			sourceTree = "<group>";
		};
		A495E300222CD95B00D8607D /* Start-Screen */ = {
			isa = PBXGroup;
			children = (
				A495E303222E003F00D8607D /* StartScreenMain.swift */,
				A4D2AA2222EE5AFE009007B3 /* TextFieldCredentials.swift */,
			);
			path = "Start-Screen";
			sourceTree = "<group>";
		};
		A495E307223007D900D8607D /* News-Screen */ = {
			isa = PBXGroup;
			children = (
				A495E30A22300AAA00D8607D /* NewsScreenMain.swift */,
			);
			path = "News-Screen";
			sourceTree = "<group>";
		};
		A495E3082230082600D8607D /* Profile-Screen */ = {
			isa = PBXGroup;
			children = (
				A4309CA622383C35002B6A13 /* ProfileScreenMain.swift */,
				A4C884042350B98100BBACD8 /* SettingsScreenMain.swift */,
				A4C884062350B9AB00BBACD8 /* MembersScreenMain.swift */,
			);
			path = "Profile-Screen";
			sourceTree = "<group>";
		};
		A495E3092230085400D8607D /* Search-Screen */ = {
			isa = PBXGroup;
			children = (
				A46EAB55223A911D00F1B702 /* SearchScreenMain.swift */,
				A4D2AA2622EE5B6E009007B3 /* SearchTextBox.swift */,
				A4D2AA2C22F46815009007B3 /* Item-Screens */,
			);
			path = "Search-Screen";
			sourceTree = "<group>";
		};
		A495E30C223038CC00D8607D /* Picks-Screen */ = {
			isa = PBXGroup;
			children = (
				A46EAB53223A910100F1B702 /* PicksScreenSongMain.swift */,
				A40FA7952310482400D19537 /* PicksScreenAlbumMain.swift */,
			);
			path = "Picks-Screen";
			sourceTree = "<group>";
		};
		A495E30D2230396500D8607D /* App-Screens */ = {
			isa = PBXGroup;
			children = (
				A495E307223007D900D8607D /* News-Screen */,
				A495E3082230082600D8607D /* Profile-Screen */,
				A495E30C223038CC00D8607D /* Picks-Screen */,
				A495E3092230085400D8607D /* Search-Screen */,
			);
			path = "App-Screens";
			sourceTree = "<group>";
		};
		A4B2CDDB222B62EA00DB64AC = {
			isa = PBXGroup;
			children = (
				A4B2CDE6222B62EA00DB64AC /* src */,
				A4B2CDFB222B62EB00DB64AC /* iOsTests */,
				A4B2CE06222B62EB00DB64AC /* iOsUITests */,
				A4B2CDE5222B62EA00DB64AC /* Products */,
				A495E2E8222B891E00D8607D /* Frameworks */,
				AD9E67D3C414F7DE4F3F997B /* Pods */,
			);
			sourceTree = "<group>";
		};
		A4B2CDE5222B62EA00DB64AC /* Products */ = {
			isa = PBXGroup;
			children = (
				A4B2CDE4222B62EA00DB64AC /* MAC.app */,
				A4B2CDF8222B62EB00DB64AC /* Music-Appreciation-Mobile-App-iOsTests.xctest */,
				A4B2CE03222B62EB00DB64AC /* Music-Appreciation-Mobile-App-iOsUITests.xctest */,
			);
			name = Products;
			sourceTree = "<group>";
		};
		A4B2CDE6222B62EA00DB64AC /* src */ = {
			isa = PBXGroup;
			children = (
				A495E2FC222CCC1D00D8607D /* UI_Components */,
				A4B2CDE7222B62EA00DB64AC /* AppDelegate.swift */,
				A4B2CDEB222B62EA00DB64AC /* Main.storyboard */,
				A4B2CDEE222B62EB00DB64AC /* Assets.xcassets */,
				A4B2CDF0222B62EB00DB64AC /* LaunchScreen.storyboard */,
				A4B2CDF3222B62EB00DB64AC /* Info.plist */,
			);
			path = src;
			sourceTree = "<group>";
		};
		A4B2CDFB222B62EB00DB64AC /* iOsTests */ = {
			isa = PBXGroup;
			children = (
				A4B2CDFC222B62EB00DB64AC /* Music_Appreciation_Mobile_App_iOsTests.swift */,
				A4B2CDFE222B62EB00DB64AC /* Info.plist */,
			);
			path = iOsTests;
			sourceTree = "<group>";
		};
		A4B2CE06222B62EB00DB64AC /* iOsUITests */ = {
			isa = PBXGroup;
			children = (
				A4B2CE07222B62EB00DB64AC /* Music_Appreciation_Mobile_App_iOsUITests.swift */,
				A4B2CE09222B62EB00DB64AC /* Info.plist */,
			);
			path = iOsUITests;
			sourceTree = "<group>";
		};
		A4D2AA2C22F46815009007B3 /* Item-Screens */ = {
			isa = PBXGroup;
			children = (
				A4D2AA3522F473A5009007B3 /* AlbumView.swift */,
				A4D2AA3322F46B19009007B3 /* SongView.swift */,
			);
			path = "Item-Screens";
			sourceTree = "<group>";
		};
		AD9E67D3C414F7DE4F3F997B /* Pods */ = {
			isa = PBXGroup;
			children = (
				3C2D5C299D3E59817F3E7558 /* Pods-Music-Appreciation-Mobile-App-iOs.debug.xcconfig */,
				4B32EE9DBA8564BCE109F616 /* Pods-Music-Appreciation-Mobile-App-iOs.release.xcconfig */,
				0D0F2C5CE18E74C0078D7ADE /* Pods-Music-Appreciation-Mobile-App-iOsTests.debug.xcconfig */,
				141A34D17782B370B7712DB5 /* Pods-Music-Appreciation-Mobile-App-iOsTests.release.xcconfig */,
				9F27C4B94D8E54ACDE93744D /* Pods-Music-Appreciation-Mobile-App-iOsUITests.debug.xcconfig */,
				7DCAE7112DA4A12DDFC121FE /* Pods-Music-Appreciation-Mobile-App-iOsUITests.release.xcconfig */,
			);
			path = Pods;
			sourceTree = "<group>";
		};
/* End PBXGroup section */

/* Begin PBXNativeTarget section */
		A4B2CDE3222B62EA00DB64AC /* Music-Appreciation-Mobile-App-iOs */ = {
			isa = PBXNativeTarget;
			buildConfigurationList = A4B2CE0C222B62EB00DB64AC /* Build configuration list for PBXNativeTarget "Music-Appreciation-Mobile-App-iOs" */;
			buildPhases = (
				5D5F8F71225BF0A6FBF121BC /* [CP] Check Pods Manifest.lock */,
				A4B2CDE0222B62EA00DB64AC /* Sources */,
				A4B2CDE1222B62EA00DB64AC /* Frameworks */,
				A4B2CDE2222B62EA00DB64AC /* Resources */,
				9A898B6D2D0B2E684303972A /* [CP] Embed Pods Frameworks */,
			);
			buildRules = (
			);
			dependencies = (
			);
			name = "Music-Appreciation-Mobile-App-iOs";
			productName = "Music-Appreciation-Mobile-App-iOs";
			productReference = A4B2CDE4222B62EA00DB64AC /* MAC.app */;
			productType = "com.apple.product-type.application";
		};
		A4B2CDF7222B62EB00DB64AC /* Music-Appreciation-Mobile-App-iOsTests */ = {
			isa = PBXNativeTarget;
			buildConfigurationList = A4B2CE0F222B62EB00DB64AC /* Build configuration list for PBXNativeTarget "Music-Appreciation-Mobile-App-iOsTests" */;
			buildPhases = (
				597E83909DDD3D5EBA05677B /* [CP] Check Pods Manifest.lock */,
				A4B2CDF4222B62EB00DB64AC /* Sources */,
				A4B2CDF5222B62EB00DB64AC /* Frameworks */,
				A4B2CDF6222B62EB00DB64AC /* Resources */,
			);
			buildRules = (
			);
			dependencies = (
				A4B2CDFA222B62EB00DB64AC /* PBXTargetDependency */,
			);
			name = "Music-Appreciation-Mobile-App-iOsTests";
			productName = "Music-Appreciation-Mobile-App-iOsTests";
			productReference = A4B2CDF8222B62EB00DB64AC /* Music-Appreciation-Mobile-App-iOsTests.xctest */;
			productType = "com.apple.product-type.bundle.unit-test";
		};
		A4B2CE02222B62EB00DB64AC /* Music-Appreciation-Mobile-App-iOsUITests */ = {
			isa = PBXNativeTarget;
			buildConfigurationList = A4B2CE12222B62EB00DB64AC /* Build configuration list for PBXNativeTarget "Music-Appreciation-Mobile-App-iOsUITests" */;
			buildPhases = (
				D041CB7887260347069872E3 /* [CP] Check Pods Manifest.lock */,
				A4B2CDFF222B62EB00DB64AC /* Sources */,
				A4B2CE00222B62EB00DB64AC /* Frameworks */,
				A4B2CE01222B62EB00DB64AC /* Resources */,
			);
			buildRules = (
			);
			dependencies = (
				A4B2CE05222B62EB00DB64AC /* PBXTargetDependency */,
			);
			name = "Music-Appreciation-Mobile-App-iOsUITests";
			productName = "Music-Appreciation-Mobile-App-iOsUITests";
			productReference = A4B2CE03222B62EB00DB64AC /* Music-Appreciation-Mobile-App-iOsUITests.xctest */;
			productType = "com.apple.product-type.bundle.ui-testing";
		};
/* End PBXNativeTarget section */

/* Begin PBXProject section */
		A4B2CDDC222B62EA00DB64AC /* Project object */ = {
			isa = PBXProject;
			attributes = {
				LastSwiftUpdateCheck = 1010;
				LastUpgradeCheck = 1010;
				ORGANIZATIONNAME = "Mark Preschern";
				TargetAttributes = {
					A4B2CDE3222B62EA00DB64AC = {
						CreatedOnToolsVersion = 10.1;
						LastSwiftMigration = 1010;
						ProvisioningStyle = Automatic;
						SystemCapabilities = {
							com.apple.BackgroundModes = {
								enabled = 1;
							};
						};
					};
					A4B2CDF7222B62EB00DB64AC = {
						CreatedOnToolsVersion = 10.1;
						ProvisioningStyle = Automatic;
						TestTargetID = A4B2CDE3222B62EA00DB64AC;
					};
					A4B2CE02222B62EB00DB64AC = {
						CreatedOnToolsVersion = 10.1;
						ProvisioningStyle = Automatic;
						TestTargetID = A4B2CDE3222B62EA00DB64AC;
					};
				};
			};
			buildConfigurationList = A4B2CDDF222B62EA00DB64AC /* Build configuration list for PBXProject "Music-Appreciation-Mobile-App-iOs" */;
			compatibilityVersion = "Xcode 8.0";
			developmentRegion = en;
			hasScannedForEncodings = 0;
			knownRegions = (
				en,
				Base,
			);
			mainGroup = A4B2CDDB222B62EA00DB64AC;
			productRefGroup = A4B2CDE5222B62EA00DB64AC /* Products */;
			projectDirPath = "";
			projectRoot = "";
			targets = (
				A4B2CDE3222B62EA00DB64AC /* Music-Appreciation-Mobile-App-iOs */,
				A4B2CDF7222B62EB00DB64AC /* Music-Appreciation-Mobile-App-iOsTests */,
				A4B2CE02222B62EB00DB64AC /* Music-Appreciation-Mobile-App-iOsUITests */,
			);
		};
/* End PBXProject section */

/* Begin PBXResourcesBuildPhase section */
		A4B2CDE2222B62EA00DB64AC /* Resources */ = {
			isa = PBXResourcesBuildPhase;
			buildActionMask = 2147483647;
			files = (
				A4B2CDF2222B62EB00DB64AC /* LaunchScreen.storyboard in Resources */,
				A4B2CDEF222B62EB00DB64AC /* Assets.xcassets in Resources */,
				A4B2CDED222B62EA00DB64AC /* Main.storyboard in Resources */,
			);
			runOnlyForDeploymentPostprocessing = 0;
		};
		A4B2CDF6222B62EB00DB64AC /* Resources */ = {
			isa = PBXResourcesBuildPhase;
			buildActionMask = 2147483647;
			files = (
			);
			runOnlyForDeploymentPostprocessing = 0;
		};
		A4B2CE01222B62EB00DB64AC /* Resources */ = {
			isa = PBXResourcesBuildPhase;
			buildActionMask = 2147483647;
			files = (
			);
			runOnlyForDeploymentPostprocessing = 0;
		};
/* End PBXResourcesBuildPhase section */

/* Begin PBXShellScriptBuildPhase section */
		597E83909DDD3D5EBA05677B /* [CP] Check Pods Manifest.lock */ = {
			isa = PBXShellScriptBuildPhase;
			buildActionMask = 2147483647;
			files = (
			);
			inputFileListPaths = (
			);
			inputPaths = (
				"${PODS_PODFILE_DIR_PATH}/Podfile.lock",
				"${PODS_ROOT}/Manifest.lock",
			);
			name = "[CP] Check Pods Manifest.lock";
			outputFileListPaths = (
			);
			outputPaths = (
				"$(DERIVED_FILE_DIR)/Pods-Music-Appreciation-Mobile-App-iOsTests-checkManifestLockResult.txt",
			);
			runOnlyForDeploymentPostprocessing = 0;
			shellPath = /bin/sh;
			shellScript = "diff \"${PODS_PODFILE_DIR_PATH}/Podfile.lock\" \"${PODS_ROOT}/Manifest.lock\" > /dev/null\nif [ $? != 0 ] ; then\n    # print error to STDERR\n    echo \"error: The sandbox is not in sync with the Podfile.lock. Run 'pod install' or update your CocoaPods installation.\" >&2\n    exit 1\nfi\n# This output is used by Xcode 'outputs' to avoid re-running this script phase.\necho \"SUCCESS\" > \"${SCRIPT_OUTPUT_FILE_0}\"\n";
			showEnvVarsInLog = 0;
		};
		5D5F8F71225BF0A6FBF121BC /* [CP] Check Pods Manifest.lock */ = {
			isa = PBXShellScriptBuildPhase;
			buildActionMask = 2147483647;
			files = (
			);
			inputFileListPaths = (
			);
			inputPaths = (
				"${PODS_PODFILE_DIR_PATH}/Podfile.lock",
				"${PODS_ROOT}/Manifest.lock",
			);
			name = "[CP] Check Pods Manifest.lock";
			outputFileListPaths = (
			);
			outputPaths = (
				"$(DERIVED_FILE_DIR)/Pods-Music-Appreciation-Mobile-App-iOs-checkManifestLockResult.txt",
			);
			runOnlyForDeploymentPostprocessing = 0;
			shellPath = /bin/sh;
			shellScript = "diff \"${PODS_PODFILE_DIR_PATH}/Podfile.lock\" \"${PODS_ROOT}/Manifest.lock\" > /dev/null\nif [ $? != 0 ] ; then\n    # print error to STDERR\n    echo \"error: The sandbox is not in sync with the Podfile.lock. Run 'pod install' or update your CocoaPods installation.\" >&2\n    exit 1\nfi\n# This output is used by Xcode 'outputs' to avoid re-running this script phase.\necho \"SUCCESS\" > \"${SCRIPT_OUTPUT_FILE_0}\"\n";
			showEnvVarsInLog = 0;
		};
		9A898B6D2D0B2E684303972A /* [CP] Embed Pods Frameworks */ = {
			isa = PBXShellScriptBuildPhase;
			buildActionMask = 2147483647;
			files = (
			);
			inputPaths = (
				"${PODS_ROOT}/Target Support Files/Pods-Music-Appreciation-Mobile-App-iOs/Pods-Music-Appreciation-Mobile-App-iOs-frameworks.sh",
				"${BUILT_PRODUCTS_DIR}/Alamofire/Alamofire.framework",
				"${BUILT_PRODUCTS_DIR}/JASON/JASON.framework",
			);
			name = "[CP] Embed Pods Frameworks";
			outputPaths = (
				"${TARGET_BUILD_DIR}/${FRAMEWORKS_FOLDER_PATH}/Alamofire.framework",
				"${TARGET_BUILD_DIR}/${FRAMEWORKS_FOLDER_PATH}/JASON.framework",
			);
			runOnlyForDeploymentPostprocessing = 0;
			shellPath = /bin/sh;
			shellScript = "\"${PODS_ROOT}/Target Support Files/Pods-Music-Appreciation-Mobile-App-iOs/Pods-Music-Appreciation-Mobile-App-iOs-frameworks.sh\"\n";
			showEnvVarsInLog = 0;
		};
		D041CB7887260347069872E3 /* [CP] Check Pods Manifest.lock */ = {
			isa = PBXShellScriptBuildPhase;
			buildActionMask = 2147483647;
			files = (
			);
			inputFileListPaths = (
			);
			inputPaths = (
				"${PODS_PODFILE_DIR_PATH}/Podfile.lock",
				"${PODS_ROOT}/Manifest.lock",
			);
			name = "[CP] Check Pods Manifest.lock";
			outputFileListPaths = (
			);
			outputPaths = (
				"$(DERIVED_FILE_DIR)/Pods-Music-Appreciation-Mobile-App-iOsUITests-checkManifestLockResult.txt",
			);
			runOnlyForDeploymentPostprocessing = 0;
			shellPath = /bin/sh;
			shellScript = "diff \"${PODS_PODFILE_DIR_PATH}/Podfile.lock\" \"${PODS_ROOT}/Manifest.lock\" > /dev/null\nif [ $? != 0 ] ; then\n    # print error to STDERR\n    echo \"error: The sandbox is not in sync with the Podfile.lock. Run 'pod install' or update your CocoaPods installation.\" >&2\n    exit 1\nfi\n# This output is used by Xcode 'outputs' to avoid re-running this script phase.\necho \"SUCCESS\" > \"${SCRIPT_OUTPUT_FILE_0}\"\n";
			showEnvVarsInLog = 0;
		};
/* End PBXShellScriptBuildPhase section */

/* Begin PBXSourcesBuildPhase section */
		A4B2CDE0222B62EA00DB64AC /* Sources */ = {
			isa = PBXSourcesBuildPhase;
			buildActionMask = 2147483647;
			files = (
				A4387AC123282179008F501B /* JASON+Alamofire.swift in Sources */,
				A40FA79223102EFC00D19537 /* FadeInOutAudio.swift in Sources */,
				A4C884052350B98100BBACD8 /* SettingsScreenMain.swift in Sources */,
				A40FA794231043B800D19537 /* AddBorder.swift in Sources */,
				A40FA7962310482400D19537 /* PicksScreenAlbumMain.swift in Sources */,
				A4B2CDE8222B62EA00DB64AC /* AppDelegate.swift in Sources */,
				A4D2AA2322EE5AFE009007B3 /* TextFieldCredentials.swift in Sources */,
				A4309CA722383C35002B6A13 /* ProfileScreenMain.swift in Sources */,
				A4C884072350B9AB00BBACD8 /* MembersScreenMain.swift in Sources */,
				A4D2AA3422F46B19009007B3 /* SongView.swift in Sources */,
				A40FA78C230EE52800D19537 /* LoadingOverlay.swift in Sources */,
				A40FA789230EDACD00D19537 /* ImageAsColor.swift in Sources */,
				A4B59E1A2334F3E8002C3EFA /* ParsePickData.swift in Sources */,
				A44BFBCA232FA99F007272AB /* MacApiRequest.swift in Sources */,
				A495E304222E003F00D8607D /* StartScreenMain.swift in Sources */,
				A4D2AA3622F473A5009007B3 /* AlbumView.swift in Sources */,
				A46EAB56223A911D00F1B702 /* SearchScreenMain.swift in Sources */,
				A40FA785230ED43E00D19537 /* AverageColor.swift in Sources */,
				A4D2AA2722EE5B6E009007B3 /* SearchTextBox.swift in Sources */,
				A4C884092354E8FC00BBACD8 /* DeleteItemAlert.swift in Sources */,
				A40FA78E230EE6FC00D19537 /* AddItemAlert.swift in Sources */,
				A495E30B22300AAA00D8607D /* NewsScreenMain.swift in Sources */,
				A46EAB54223A910100F1B702 /* PicksScreenSongMain.swift in Sources */,
				A4C8840B2357562E00BBACD8 /* ImagePickerManager.swift in Sources */,
			);
			runOnlyForDeploymentPostprocessing = 0;
		};
		A4B2CDF4222B62EB00DB64AC /* Sources */ = {
			isa = PBXSourcesBuildPhase;
			buildActionMask = 2147483647;
			files = (
				A4B2CDFD222B62EB00DB64AC /* Music_Appreciation_Mobile_App_iOsTests.swift in Sources */,
			);
			runOnlyForDeploymentPostprocessing = 0;
		};
		A4B2CDFF222B62EB00DB64AC /* Sources */ = {
			isa = PBXSourcesBuildPhase;
			buildActionMask = 2147483647;
			files = (
				A4B2CE08222B62EB00DB64AC /* Music_Appreciation_Mobile_App_iOsUITests.swift in Sources */,
			);
			runOnlyForDeploymentPostprocessing = 0;
		};
/* End PBXSourcesBuildPhase section */

/* Begin PBXTargetDependency section */
		A4B2CDFA222B62EB00DB64AC /* PBXTargetDependency */ = {
			isa = PBXTargetDependency;
			target = A4B2CDE3222B62EA00DB64AC /* Music-Appreciation-Mobile-App-iOs */;
			targetProxy = A4B2CDF9222B62EB00DB64AC /* PBXContainerItemProxy */;
		};
		A4B2CE05222B62EB00DB64AC /* PBXTargetDependency */ = {
			isa = PBXTargetDependency;
			target = A4B2CDE3222B62EA00DB64AC /* Music-Appreciation-Mobile-App-iOs */;
			targetProxy = A4B2CE04222B62EB00DB64AC /* PBXContainerItemProxy */;
		};
/* End PBXTargetDependency section */

/* Begin PBXVariantGroup section */
		A4B2CDEB222B62EA00DB64AC /* Main.storyboard */ = {
			isa = PBXVariantGroup;
			children = (
				A4B2CDEC222B62EA00DB64AC /* Base */,
			);
			name = Main.storyboard;
			sourceTree = "<group>";
		};
		A4B2CDF0222B62EB00DB64AC /* LaunchScreen.storyboard */ = {
			isa = PBXVariantGroup;
			children = (
				A4B2CDF1222B62EB00DB64AC /* Base */,
			);
			name = LaunchScreen.storyboard;
			sourceTree = "<group>";
		};
/* End PBXVariantGroup section */

/* Begin XCBuildConfiguration section */
		A4B2CE0A222B62EB00DB64AC /* Debug */ = {
			isa = XCBuildConfiguration;
			buildSettings = {
				ALWAYS_SEARCH_USER_PATHS = NO;
				CLANG_ANALYZER_NONNULL = YES;
				CLANG_ANALYZER_NUMBER_OBJECT_CONVERSION = YES_AGGRESSIVE;
				CLANG_CXX_LANGUAGE_STANDARD = "gnu++14";
				CLANG_CXX_LIBRARY = "libc++";
				CLANG_ENABLE_MODULES = YES;
				CLANG_ENABLE_OBJC_ARC = YES;
				CLANG_ENABLE_OBJC_WEAK = YES;
				CLANG_WARN_BLOCK_CAPTURE_AUTORELEASING = YES;
				CLANG_WARN_BOOL_CONVERSION = YES;
				CLANG_WARN_COMMA = YES;
				CLANG_WARN_CONSTANT_CONVERSION = YES;
				CLANG_WARN_DEPRECATED_OBJC_IMPLEMENTATIONS = YES;
				CLANG_WARN_DIRECT_OBJC_ISA_USAGE = YES_ERROR;
				CLANG_WARN_DOCUMENTATION_COMMENTS = YES;
				CLANG_WARN_EMPTY_BODY = YES;
				CLANG_WARN_ENUM_CONVERSION = YES;
				CLANG_WARN_INFINITE_RECURSION = YES;
				CLANG_WARN_INT_CONVERSION = YES;
				CLANG_WARN_NON_LITERAL_NULL_CONVERSION = YES;
				CLANG_WARN_OBJC_IMPLICIT_RETAIN_SELF = YES;
				CLANG_WARN_OBJC_LITERAL_CONVERSION = YES;
				CLANG_WARN_OBJC_ROOT_CLASS = YES_ERROR;
				CLANG_WARN_RANGE_LOOP_ANALYSIS = YES;
				CLANG_WARN_STRICT_PROTOTYPES = YES;
				CLANG_WARN_SUSPICIOUS_MOVE = YES;
				CLANG_WARN_UNGUARDED_AVAILABILITY = YES_AGGRESSIVE;
				CLANG_WARN_UNREACHABLE_CODE = YES;
				CLANG_WARN__DUPLICATE_METHOD_MATCH = YES;
				CODE_SIGN_IDENTITY = "iPhone Developer";
				COPY_PHASE_STRIP = NO;
				DEBUG_INFORMATION_FORMAT = dwarf;
				ENABLE_STRICT_OBJC_MSGSEND = YES;
				ENABLE_TESTABILITY = YES;
				GCC_C_LANGUAGE_STANDARD = gnu11;
				GCC_DYNAMIC_NO_PIC = NO;
				GCC_NO_COMMON_BLOCKS = YES;
				GCC_OPTIMIZATION_LEVEL = 0;
				GCC_PREPROCESSOR_DEFINITIONS = (
					"DEBUG=1",
					"$(inherited)",
				);
				GCC_WARN_64_TO_32_BIT_CONVERSION = YES;
				GCC_WARN_ABOUT_RETURN_TYPE = YES_ERROR;
				GCC_WARN_UNDECLARED_SELECTOR = YES;
				GCC_WARN_UNINITIALIZED_AUTOS = YES_AGGRESSIVE;
				GCC_WARN_UNUSED_FUNCTION = YES;
				GCC_WARN_UNUSED_VARIABLE = YES;
				IPHONEOS_DEPLOYMENT_TARGET = 12.1;
				MTL_ENABLE_DEBUG_INFO = INCLUDE_SOURCE;
				MTL_FAST_MATH = YES;
				ONLY_ACTIVE_ARCH = YES;
				SDKROOT = iphoneos;
				SWIFT_ACTIVE_COMPILATION_CONDITIONS = DEBUG;
				SWIFT_OPTIMIZATION_LEVEL = "-Onone";
			};
			name = Debug;
		};
		A4B2CE0B222B62EB00DB64AC /* Release */ = {
			isa = XCBuildConfiguration;
			buildSettings = {
				ALWAYS_SEARCH_USER_PATHS = NO;
				CLANG_ANALYZER_NONNULL = YES;
				CLANG_ANALYZER_NUMBER_OBJECT_CONVERSION = YES_AGGRESSIVE;
				CLANG_CXX_LANGUAGE_STANDARD = "gnu++14";
				CLANG_CXX_LIBRARY = "libc++";
				CLANG_ENABLE_MODULES = YES;
				CLANG_ENABLE_OBJC_ARC = YES;
				CLANG_ENABLE_OBJC_WEAK = YES;
				CLANG_WARN_BLOCK_CAPTURE_AUTORELEASING = YES;
				CLANG_WARN_BOOL_CONVERSION = YES;
				CLANG_WARN_COMMA = YES;
				CLANG_WARN_CONSTANT_CONVERSION = YES;
				CLANG_WARN_DEPRECATED_OBJC_IMPLEMENTATIONS = YES;
				CLANG_WARN_DIRECT_OBJC_ISA_USAGE = YES_ERROR;
				CLANG_WARN_DOCUMENTATION_COMMENTS = YES;
				CLANG_WARN_EMPTY_BODY = YES;
				CLANG_WARN_ENUM_CONVERSION = YES;
				CLANG_WARN_INFINITE_RECURSION = YES;
				CLANG_WARN_INT_CONVERSION = YES;
				CLANG_WARN_NON_LITERAL_NULL_CONVERSION = YES;
				CLANG_WARN_OBJC_IMPLICIT_RETAIN_SELF = YES;
				CLANG_WARN_OBJC_LITERAL_CONVERSION = YES;
				CLANG_WARN_OBJC_ROOT_CLASS = YES_ERROR;
				CLANG_WARN_RANGE_LOOP_ANALYSIS = YES;
				CLANG_WARN_STRICT_PROTOTYPES = YES;
				CLANG_WARN_SUSPICIOUS_MOVE = YES;
				CLANG_WARN_UNGUARDED_AVAILABILITY = YES_AGGRESSIVE;
				CLANG_WARN_UNREACHABLE_CODE = YES;
				CLANG_WARN__DUPLICATE_METHOD_MATCH = YES;
				CODE_SIGN_IDENTITY = "iPhone Developer";
				COPY_PHASE_STRIP = NO;
				DEBUG_INFORMATION_FORMAT = "dwarf-with-dsym";
				ENABLE_NS_ASSERTIONS = NO;
				ENABLE_STRICT_OBJC_MSGSEND = YES;
				GCC_C_LANGUAGE_STANDARD = gnu11;
				GCC_NO_COMMON_BLOCKS = YES;
				GCC_WARN_64_TO_32_BIT_CONVERSION = YES;
				GCC_WARN_ABOUT_RETURN_TYPE = YES_ERROR;
				GCC_WARN_UNDECLARED_SELECTOR = YES;
				GCC_WARN_UNINITIALIZED_AUTOS = YES_AGGRESSIVE;
				GCC_WARN_UNUSED_FUNCTION = YES;
				GCC_WARN_UNUSED_VARIABLE = YES;
				IPHONEOS_DEPLOYMENT_TARGET = 12.1;
				MTL_ENABLE_DEBUG_INFO = NO;
				MTL_FAST_MATH = YES;
				SDKROOT = iphoneos;
				SWIFT_OPTIMIZATION_LEVEL = "-Owholemodule";
				VALIDATE_PRODUCT = YES;
			};
			name = Release;
		};
		A4B2CE0D222B62EB00DB64AC /* Debug */ = {
			isa = XCBuildConfiguration;
			baseConfigurationReference = 3C2D5C299D3E59817F3E7558 /* Pods-Music-Appreciation-Mobile-App-iOs.debug.xcconfig */;
			buildSettings = {
				ASSETCATALOG_COMPILER_APPICON_NAME = AppIcon;
				CLANG_ENABLE_MODULES = YES;
				CODE_SIGN_STYLE = Automatic;
				DEVELOPMENT_TEAM = 97YHZ9LM88;
				INFOPLIST_FILE = "$(SRCROOT)/src/Info.plist";
				LD_RUNPATH_SEARCH_PATHS = "$(inherited) @executable_path/Frameworks";
				PRODUCT_BUNDLE_IDENTIFIER = "Music-Appreciation-Club.Music-Appreciation-Mobile-App-iOs";
				PRODUCT_NAME = MAC;
				SWIFT_OBJC_BRIDGING_HEADER = "";
				SWIFT_OPTIMIZATION_LEVEL = "-Onone";
				SWIFT_VERSION = 4.2;
				TARGETED_DEVICE_FAMILY = "1,2";
			};
			name = Debug;
		};
		A4B2CE0E222B62EB00DB64AC /* Release */ = {
			isa = XCBuildConfiguration;
			baseConfigurationReference = 4B32EE9DBA8564BCE109F616 /* Pods-Music-Appreciation-Mobile-App-iOs.release.xcconfig */;
			buildSettings = {
				ASSETCATALOG_COMPILER_APPICON_NAME = AppIcon;
				CLANG_ENABLE_MODULES = YES;
				CODE_SIGN_STYLE = Automatic;
				DEVELOPMENT_TEAM = 97YHZ9LM88;
				INFOPLIST_FILE = "$(SRCROOT)/src/Info.plist";
				LD_RUNPATH_SEARCH_PATHS = "$(inherited) @executable_path/Frameworks";
				PRODUCT_BUNDLE_IDENTIFIER = "Music-Appreciation-Club.Music-Appreciation-Mobile-App-iOs";
				PRODUCT_NAME = MAC;
				SWIFT_OBJC_BRIDGING_HEADER = "";
				SWIFT_VERSION = 4.2;
				TARGETED_DEVICE_FAMILY = "1,2";
			};
			name = Release;
		};
		A4B2CE10222B62EB00DB64AC /* Debug */ = {
			isa = XCBuildConfiguration;
			baseConfigurationReference = 0D0F2C5CE18E74C0078D7ADE /* Pods-Music-Appreciation-Mobile-App-iOsTests.debug.xcconfig */;
			buildSettings = {
				ALWAYS_EMBED_SWIFT_STANDARD_LIBRARIES = YES;
				BUNDLE_LOADER = "$(TEST_HOST)";
				CODE_SIGN_STYLE = Automatic;
				INFOPLIST_FILE = "Music-Appreciation-Mobile-App-iOsTests/Info.plist";
				LD_RUNPATH_SEARCH_PATHS = "$(inherited) @executable_path/Frameworks @loader_path/Frameworks";
				PRODUCT_BUNDLE_IDENTIFIER = "Music-Appreciation-Club.Music-Appreciation-Mobile-App-iOsTests";
				PRODUCT_NAME = "$(TARGET_NAME)";
				SWIFT_VERSION = 4.2;
				TARGETED_DEVICE_FAMILY = "1,2";
				TEST_HOST = "$(BUILT_PRODUCTS_DIR)/Music-Appreciation-Mobile-App-iOs.app/Music-Appreciation-Mobile-App-iOs";
			};
			name = Debug;
		};
		A4B2CE11222B62EB00DB64AC /* Release */ = {
			isa = XCBuildConfiguration;
			baseConfigurationReference = 141A34D17782B370B7712DB5 /* Pods-Music-Appreciation-Mobile-App-iOsTests.release.xcconfig */;
			buildSettings = {
				ALWAYS_EMBED_SWIFT_STANDARD_LIBRARIES = YES;
				BUNDLE_LOADER = "$(TEST_HOST)";
				CODE_SIGN_STYLE = Automatic;
				INFOPLIST_FILE = "Music-Appreciation-Mobile-App-iOsTests/Info.plist";
				LD_RUNPATH_SEARCH_PATHS = "$(inherited) @executable_path/Frameworks @loader_path/Frameworks";
				PRODUCT_BUNDLE_IDENTIFIER = "Music-Appreciation-Club.Music-Appreciation-Mobile-App-iOsTests";
				PRODUCT_NAME = "$(TARGET_NAME)";
				SWIFT_VERSION = 4.2;
				TARGETED_DEVICE_FAMILY = "1,2";
				TEST_HOST = "$(BUILT_PRODUCTS_DIR)/Music-Appreciation-Mobile-App-iOs.app/Music-Appreciation-Mobile-App-iOs";
			};
			name = Release;
		};
		A4B2CE13222B62EB00DB64AC /* Debug */ = {
			isa = XCBuildConfiguration;
			baseConfigurationReference = 9F27C4B94D8E54ACDE93744D /* Pods-Music-Appreciation-Mobile-App-iOsUITests.debug.xcconfig */;
			buildSettings = {
				ALWAYS_EMBED_SWIFT_STANDARD_LIBRARIES = YES;
				CODE_SIGN_STYLE = Automatic;
				INFOPLIST_FILE = "Music-Appreciation-Mobile-App-iOsUITests/Info.plist";
				LD_RUNPATH_SEARCH_PATHS = "$(inherited) @executable_path/Frameworks @loader_path/Frameworks";
				PRODUCT_BUNDLE_IDENTIFIER = "Music-Appreciation-Club.Music-Appreciation-Mobile-App-iOsUITests";
				PRODUCT_NAME = "$(TARGET_NAME)";
				SWIFT_VERSION = 4.2;
				TARGETED_DEVICE_FAMILY = "1,2";
				TEST_TARGET_NAME = "Music-Appreciation-Mobile-App-iOs";
			};
			name = Debug;
		};
		A4B2CE14222B62EB00DB64AC /* Release */ = {
			isa = XCBuildConfiguration;
			baseConfigurationReference = 7DCAE7112DA4A12DDFC121FE /* Pods-Music-Appreciation-Mobile-App-iOsUITests.release.xcconfig */;
			buildSettings = {
				ALWAYS_EMBED_SWIFT_STANDARD_LIBRARIES = YES;
				CODE_SIGN_STYLE = Automatic;
				INFOPLIST_FILE = "Music-Appreciation-Mobile-App-iOsUITests/Info.plist";
				LD_RUNPATH_SEARCH_PATHS = "$(inherited) @executable_path/Frameworks @loader_path/Frameworks";
				PRODUCT_BUNDLE_IDENTIFIER = "Music-Appreciation-Club.Music-Appreciation-Mobile-App-iOsUITests";
				PRODUCT_NAME = "$(TARGET_NAME)";
				SWIFT_VERSION = 4.2;
				TARGETED_DEVICE_FAMILY = "1,2";
				TEST_TARGET_NAME = "Music-Appreciation-Mobile-App-iOs";
			};
			name = Release;
		};
/* End XCBuildConfiguration section */

/* Begin XCConfigurationList section */
		A4B2CDDF222B62EA00DB64AC /* Build configuration list for PBXProject "Music-Appreciation-Mobile-App-iOs" */ = {
			isa = XCConfigurationList;
			buildConfigurations = (
				A4B2CE0A222B62EB00DB64AC /* Debug */,
				A4B2CE0B222B62EB00DB64AC /* Release */,
			);
			defaultConfigurationIsVisible = 0;
			defaultConfigurationName = Release;
		};
		A4B2CE0C222B62EB00DB64AC /* Build configuration list for PBXNativeTarget "Music-Appreciation-Mobile-App-iOs" */ = {
			isa = XCConfigurationList;
			buildConfigurations = (
				A4B2CE0D222B62EB00DB64AC /* Debug */,
				A4B2CE0E222B62EB00DB64AC /* Release */,
			);
			defaultConfigurationIsVisible = 0;
			defaultConfigurationName = Release;
		};
		A4B2CE0F222B62EB00DB64AC /* Build configuration list for PBXNativeTarget "Music-Appreciation-Mobile-App-iOsTests" */ = {
			isa = XCConfigurationList;
			buildConfigurations = (
				A4B2CE10222B62EB00DB64AC /* Debug */,
				A4B2CE11222B62EB00DB64AC /* Release */,
			);
			defaultConfigurationIsVisible = 0;
			defaultConfigurationName = Release;
		};
		A4B2CE12222B62EB00DB64AC /* Build configuration list for PBXNativeTarget "Music-Appreciation-Mobile-App-iOsUITests" */ = {
			isa = XCConfigurationList;
			buildConfigurations = (
				A4B2CE13222B62EB00DB64AC /* Debug */,
				A4B2CE14222B62EB00DB64AC /* Release */,
			);
			defaultConfigurationIsVisible = 0;
			defaultConfigurationName = Release;
		};
/* End XCConfigurationList section */
	};
	rootObject = A4B2CDDC222B62EA00DB64AC /* Project object */;
}
